// !$*UTF8*$!
{
	archiveVersion = 1;
	classes = {
	};
	objectVersion = 46;
	objects = {

/* Begin PBXAggregateTarget section */
		30062F89190C9A0D0063E665 /* SPConcurrency.framework */ = {
			isa = PBXAggregateTarget;
			buildConfigurationList = 30062F8A190C9A0D0063E665 /* Build configuration list for PBXAggregateTarget "SPConcurrency.framework" */;
			buildPhases = (
				30062F8F190C9A730063E665 /* ShellScript */,
			);
			dependencies = (
				30062F8E190C9A690063E665 /* PBXTargetDependency */,
			);
			name = SPConcurrency.framework;
			productName = Framework;
		};
		30201A78190CA20100740762 /* SPConcurrency.docs */ = {
			isa = PBXAggregateTarget;
			buildConfigurationList = 30201A79190CA20100740762 /* Build configuration list for PBXAggregateTarget "SPConcurrency.docs" */;
			buildPhases = (
				30201A7C190CA23500740762 /* ShellScript */,
			);
			dependencies = (
			);
			name = SPConcurrency.docs;
			productName = Documentation;
		};
/* End PBXAggregateTarget section */

/* Begin PBXBuildFile section */
		30201A72190C9F2500740762 /* SPCMessageQueue.h in Headers */ = {isa = PBXBuildFile; fileRef = 30201A6C190C9F2500740762 /* SPCMessageQueue.h */; settings = {ATTRIBUTES = (Public, ); }; };
		30201A73190C9F2500740762 /* SPCMessageQueue.m in Sources */ = {isa = PBXBuildFile; fileRef = 30201A6D190C9F2500740762 /* SPCMessageQueue.m */; };
		30201A74190C9F2500740762 /* SPCRealTimeMessageQueue.h in Headers */ = {isa = PBXBuildFile; fileRef = 30201A6E190C9F2500740762 /* SPCRealTimeMessageQueue.h */; settings = {ATTRIBUTES = (Public, ); }; };
		30201A75190C9F2500740762 /* SPCRealTimeMessageQueue.m in Sources */ = {isa = PBXBuildFile; fileRef = 30201A6F190C9F2500740762 /* SPCRealTimeMessageQueue.m */; };
		30201A76190C9F2500740762 /* SPCRealTimeScheduler.h in Headers */ = {isa = PBXBuildFile; fileRef = 30201A70190C9F2500740762 /* SPCRealTimeScheduler.h */; settings = {ATTRIBUTES = (Public, ); }; };
		30201A77190C9F2500740762 /* SPCRealTimeScheduler.m in Sources */ = {isa = PBXBuildFile; fileRef = 30201A71190C9F2500740762 /* SPCRealTimeScheduler.m */; };
		30834F7A190C943C00889C7D /* Foundation.framework in Frameworks */ = {isa = PBXBuildFile; fileRef = 30834F79190C943C00889C7D /* Foundation.framework */; };
		30834F88190C943C00889C7D /* XCTest.framework in Frameworks */ = {isa = PBXBuildFile; fileRef = 30834F87190C943C00889C7D /* XCTest.framework */; };
		30834F89190C943C00889C7D /* Foundation.framework in Frameworks */ = {isa = PBXBuildFile; fileRef = 30834F79190C943C00889C7D /* Foundation.framework */; };
		30834F8E190C943C00889C7D /* libSPConcurrency.a in Frameworks */ = {isa = PBXBuildFile; fileRef = 30834F76190C943C00889C7D /* libSPConcurrency.a */; };
		30834F94190C943C00889C7D /* InfoPlist.strings in Resources */ = {isa = PBXBuildFile; fileRef = 30834F92190C943C00889C7D /* InfoPlist.strings */; };
		30834FA2190C94D800889C7D /* SPUtils.m in Sources */ = {isa = PBXBuildFile; fileRef = 30834FA1190C94D800889C7D /* SPUtils.m */; };
		30834FAB190C94E500889C7D /* SPCLockFreeList.c in Sources */ = {isa = PBXBuildFile; fileRef = 30834FA3190C94E500889C7D /* SPCLockFreeList.c */; };
		30834FAC190C94E500889C7D /* SPCPriorityQueue.c in Sources */ = {isa = PBXBuildFile; fileRef = 30834FA7190C94E500889C7D /* SPCPriorityQueue.c */; };
		30834FAD190C94E500889C7D /* SPCRingBuffer.c in Sources */ = {isa = PBXBuildFile; fileRef = 30834FA9190C94E500889C7D /* SPCRingBuffer.c */; };
		30834FB0190C953900889C7D /* SPConcurrency.h in Headers */ = {isa = PBXBuildFile; fileRef = 30834F9F190C94CB00889C7D /* SPConcurrency.h */; settings = {ATTRIBUTES = (Public, ); }; };
		30834FB1190C954700889C7D /* SPUtils.h in Headers */ = {isa = PBXBuildFile; fileRef = 30834FA0190C94D800889C7D /* SPUtils.h */; settings = {ATTRIBUTES = (Public, ); }; };
		30834FB2190C958A00889C7D /* SPCPrimitives.h in Headers */ = {isa = PBXBuildFile; fileRef = 30834FA6190C94E500889C7D /* SPCPrimitives.h */; settings = {ATTRIBUTES = (Public, ); }; };
		30834FB3190C959000889C7D /* SPCMemoryReclamation.h in Headers */ = {isa = PBXBuildFile; fileRef = 30834FA5190C94E500889C7D /* SPCMemoryReclamation.h */; settings = {ATTRIBUTES = (Public, ); }; };
		30834FB4190C959600889C7D /* SPCLockFreeList.h in Headers */ = {isa = PBXBuildFile; fileRef = 30834FA4190C94E500889C7D /* SPCLockFreeList.h */; settings = {ATTRIBUTES = (Public, ); }; };
		30834FB5190C959B00889C7D /* SPCPriorityQueue.h in Headers */ = {isa = PBXBuildFile; fileRef = 30834FA8190C94E500889C7D /* SPCPriorityQueue.h */; settings = {ATTRIBUTES = (Public, ); }; };
		30834FB6190C95A600889C7D /* SPCRingBuffer.h in Headers */ = {isa = PBXBuildFile; fileRef = 30834FAA190C94E500889C7D /* SPCRingBuffer.h */; settings = {ATTRIBUTES = (Public, ); }; };
		30834FB9190C95D800889C7D /* SPLockFreeListTests.m in Sources */ = {isa = PBXBuildFile; fileRef = 30834FB8190C95D800889C7D /* SPLockFreeListTests.m */; };
		30834FBB190C95E200889C7D /* SPMemoryReclamationTests.m in Sources */ = {isa = PBXBuildFile; fileRef = 30834FBA190C95E200889C7D /* SPMemoryReclamationTests.m */; };
		30834FBD190C95F900889C7D /* SPPriorityQueueTests.m in Sources */ = {isa = PBXBuildFile; fileRef = 30834FBC190C95F900889C7D /* SPPriorityQueueTests.m */; };
/* End PBXBuildFile section */

/* Begin PBXContainerItemProxy section */
		30062F8D190C9A690063E665 /* PBXContainerItemProxy */ = {
			isa = PBXContainerItemProxy;
			containerPortal = 30834F6E190C943C00889C7D /* Project object */;
			proxyType = 1;
			remoteGlobalIDString = 30834F75190C943C00889C7D;
			remoteInfo = SPConcurrency;
		};
		30834F8C190C943C00889C7D /* PBXContainerItemProxy */ = {
			isa = PBXContainerItemProxy;
			containerPortal = 30834F6E190C943C00889C7D /* Project object */;
			proxyType = 1;
			remoteGlobalIDString = 30834F75190C943C00889C7D;
			remoteInfo = SPConcurrency;
		};
/* End PBXContainerItemProxy section */

/* Begin PBXCopyFilesBuildPhase section */
		30834F74190C943C00889C7D /* CopyFiles */ = {
			isa = PBXCopyFilesBuildPhase;
			buildActionMask = 2147483647;
			dstPath = "include/$(PRODUCT_NAME)";
			dstSubfolderSpec = 16;
			files = (
			);
			runOnlyForDeploymentPostprocessing = 0;
		};
/* End PBXCopyFilesBuildPhase section */

/* Begin PBXFileReference section */
		30201A6C190C9F2500740762 /* SPCMessageQueue.h */ = {isa = PBXFileReference; fileEncoding = 4; lastKnownFileType = sourcecode.c.h; path = SPCMessageQueue.h; sourceTree = "<group>"; };
		30201A6D190C9F2500740762 /* SPCMessageQueue.m */ = {isa = PBXFileReference; fileEncoding = 4; lastKnownFileType = sourcecode.c.objc; path = SPCMessageQueue.m; sourceTree = "<group>"; };
		30201A6E190C9F2500740762 /* SPCRealTimeMessageQueue.h */ = {isa = PBXFileReference; fileEncoding = 4; lastKnownFileType = sourcecode.c.h; path = SPCRealTimeMessageQueue.h; sourceTree = "<group>"; };
		30201A6F190C9F2500740762 /* SPCRealTimeMessageQueue.m */ = {isa = PBXFileReference; fileEncoding = 4; lastKnownFileType = sourcecode.c.objc; path = SPCRealTimeMessageQueue.m; sourceTree = "<group>"; };
		30201A70190C9F2500740762 /* SPCRealTimeScheduler.h */ = {isa = PBXFileReference; fileEncoding = 4; lastKnownFileType = sourcecode.c.h; path = SPCRealTimeScheduler.h; sourceTree = "<group>"; };
		30201A71190C9F2500740762 /* SPCRealTimeScheduler.m */ = {isa = PBXFileReference; fileEncoding = 4; lastKnownFileType = sourcecode.c.objc; path = SPCRealTimeScheduler.m; sourceTree = "<group>"; };
		30201A7D190CA38200740762 /* AppledocSettings.plist */ = {isa = PBXFileReference; fileEncoding = 4; lastKnownFileType = text.plist.xml; path = AppledocSettings.plist; sourceTree = "<group>"; };
		30834F76190C943C00889C7D /* libSPConcurrency.a */ = {isa = PBXFileReference; explicitFileType = archive.ar; includeInIndex = 0; path = libSPConcurrency.a; sourceTree = BUILT_PRODUCTS_DIR; };
		30834F79190C943C00889C7D /* Foundation.framework */ = {isa = PBXFileReference; lastKnownFileType = wrapper.framework; name = Foundation.framework; path = System/Library/Frameworks/Foundation.framework; sourceTree = SDKROOT; };
		30834F7D190C943C00889C7D /* SPConcurrency-Prefix.pch */ = {isa = PBXFileReference; lastKnownFileType = sourcecode.c.h; path = "SPConcurrency-Prefix.pch"; sourceTree = "<group>"; };
		30834F86190C943C00889C7D /* SPConcurrencyTests.xctest */ = {isa = PBXFileReference; explicitFileType = wrapper.cfbundle; includeInIndex = 0; path = SPConcurrencyTests.xctest; sourceTree = BUILT_PRODUCTS_DIR; };
		30834F87190C943C00889C7D /* XCTest.framework */ = {isa = PBXFileReference; lastKnownFileType = wrapper.framework; name = XCTest.framework; path = Library/Frameworks/XCTest.framework; sourceTree = DEVELOPER_DIR; };
		30834F91190C943C00889C7D /* SPConcurrencyTests-Info.plist */ = {isa = PBXFileReference; lastKnownFileType = text.plist.xml; path = "SPConcurrencyTests-Info.plist"; sourceTree = "<group>"; };
		30834F93190C943C00889C7D /* en */ = {isa = PBXFileReference; lastKnownFileType = text.plist.strings; name = en; path = en.lproj/InfoPlist.strings; sourceTree = "<group>"; };
		30834F9F190C94CB00889C7D /* SPConcurrency.h */ = {isa = PBXFileReference; fileEncoding = 4; lastKnownFileType = sourcecode.c.h; path = SPConcurrency.h; sourceTree = "<group>"; };
		30834FA0190C94D800889C7D /* SPUtils.h */ = {isa = PBXFileReference; fileEncoding = 4; lastKnownFileType = sourcecode.c.h; path = SPUtils.h; sourceTree = "<group>"; };
		30834FA1190C94D800889C7D /* SPUtils.m */ = {isa = PBXFileReference; fileEncoding = 4; lastKnownFileType = sourcecode.c.objc; path = SPUtils.m; sourceTree = "<group>"; };
		30834FA3190C94E500889C7D /* SPCLockFreeList.c */ = {isa = PBXFileReference; fileEncoding = 4; lastKnownFileType = sourcecode.c.c; path = SPCLockFreeList.c; sourceTree = "<group>"; };
		30834FA4190C94E500889C7D /* SPCLockFreeList.h */ = {isa = PBXFileReference; fileEncoding = 4; lastKnownFileType = sourcecode.c.h; path = SPCLockFreeList.h; sourceTree = "<group>"; };
		30834FA5190C94E500889C7D /* SPCMemoryReclamation.h */ = {isa = PBXFileReference; fileEncoding = 4; lastKnownFileType = sourcecode.c.h; path = SPCMemoryReclamation.h; sourceTree = "<group>"; };
		30834FA6190C94E500889C7D /* SPCPrimitives.h */ = {isa = PBXFileReference; fileEncoding = 4; lastKnownFileType = sourcecode.c.h; path = SPCPrimitives.h; sourceTree = "<group>"; };
		30834FA7190C94E500889C7D /* SPCPriorityQueue.c */ = {isa = PBXFileReference; fileEncoding = 4; lastKnownFileType = sourcecode.c.c; path = SPCPriorityQueue.c; sourceTree = "<group>"; };
		30834FA8190C94E500889C7D /* SPCPriorityQueue.h */ = {isa = PBXFileReference; fileEncoding = 4; lastKnownFileType = sourcecode.c.h; path = SPCPriorityQueue.h; sourceTree = "<group>"; };
		30834FA9190C94E500889C7D /* SPCRingBuffer.c */ = {isa = PBXFileReference; fileEncoding = 4; lastKnownFileType = sourcecode.c.c; path = SPCRingBuffer.c; sourceTree = "<group>"; };
		30834FAA190C94E500889C7D /* SPCRingBuffer.h */ = {isa = PBXFileReference; fileEncoding = 4; lastKnownFileType = sourcecode.c.h; path = SPCRingBuffer.h; sourceTree = "<group>"; };
		30834FB8190C95D800889C7D /* SPLockFreeListTests.m */ = {isa = PBXFileReference; fileEncoding = 4; lastKnownFileType = sourcecode.c.objc; path = SPLockFreeListTests.m; sourceTree = "<group>"; };
		30834FBA190C95E200889C7D /* SPMemoryReclamationTests.m */ = {isa = PBXFileReference; fileEncoding = 4; lastKnownFileType = sourcecode.c.objc; path = SPMemoryReclamationTests.m; sourceTree = "<group>"; };
		30834FBC190C95F900889C7D /* SPPriorityQueueTests.m */ = {isa = PBXFileReference; fileEncoding = 4; lastKnownFileType = sourcecode.c.objc; path = SPPriorityQueueTests.m; sourceTree = "<group>"; };
		30B31735190CC92400E4DAF0 /* markable_ptr.py */ = {isa = PBXFileReference; fileEncoding = 4; lastKnownFileType = text.script.python; name = markable_ptr.py; path = ../SPConcurrency/SPConcurrency/Scripts/markable_ptr.py; sourceTree = "<group>"; };
		30B31737190CCAC900E4DAF0 /* .lldbinit */ = {isa = PBXFileReference; lastKnownFileType = text; name = .lldbinit; path = SPConcurrency/Scripts/.lldbinit; sourceTree = SOURCE_ROOT; };
/* End PBXFileReference section */

/* Begin PBXFrameworksBuildPhase section */
		30834F73190C943C00889C7D /* Frameworks */ = {
			isa = PBXFrameworksBuildPhase;
			buildActionMask = 2147483647;
			files = (
				30834F7A190C943C00889C7D /* Foundation.framework in Frameworks */,
			);
			runOnlyForDeploymentPostprocessing = 0;
		};
		30834F83190C943C00889C7D /* Frameworks */ = {
			isa = PBXFrameworksBuildPhase;
			buildActionMask = 2147483647;
			files = (
				30834F88190C943C00889C7D /* XCTest.framework in Frameworks */,
				30834F8E190C943C00889C7D /* libSPConcurrency.a in Frameworks */,
				30834F89190C943C00889C7D /* Foundation.framework in Frameworks */,
			);
			runOnlyForDeploymentPostprocessing = 0;
		};
/* End PBXFrameworksBuildPhase section */

/* Begin PBXGroup section */
		30201A6A190C9EFE00740762 /* Data Structures */ = {
			isa = PBXGroup;
			children = (
				30834FA4190C94E500889C7D /* SPCLockFreeList.h */,
				30834FA3190C94E500889C7D /* SPCLockFreeList.c */,
				30834FA8190C94E500889C7D /* SPCPriorityQueue.h */,
				30834FA7190C94E500889C7D /* SPCPriorityQueue.c */,
				30834FAA190C94E500889C7D /* SPCRingBuffer.h */,
				30834FA9190C94E500889C7D /* SPCRingBuffer.c */,
			);
			name = "Data Structures";
			sourceTree = "<group>";
		};
		30201A6B190C9F0800740762 /* Messaging */ = {
			isa = PBXGroup;
			children = (
				30201A6C190C9F2500740762 /* SPCMessageQueue.h */,
				30201A6D190C9F2500740762 /* SPCMessageQueue.m */,
				30201A6E190C9F2500740762 /* SPCRealTimeMessageQueue.h */,
				30201A6F190C9F2500740762 /* SPCRealTimeMessageQueue.m */,
				30201A70190C9F2500740762 /* SPCRealTimeScheduler.h */,
				30201A71190C9F2500740762 /* SPCRealTimeScheduler.m */,
			);
			name = Messaging;
			sourceTree = "<group>";
		};
		30834F6D190C943C00889C7D = {
			isa = PBXGroup;
			children = (
				30834F7B190C943C00889C7D /* SPConcurrency */,
				30834F8F190C943C00889C7D /* SPConcurrencyTests */,
				30834F78190C943C00889C7D /* Frameworks */,
				30834F77190C943C00889C7D /* Products */,
			);
			sourceTree = "<group>";
		};
		30834F77190C943C00889C7D /* Products */ = {
			isa = PBXGroup;
			children = (
				30834F76190C943C00889C7D /* libSPConcurrency.a */,
				30834F86190C943C00889C7D /* SPConcurrencyTests.xctest */,
			);
			name = Products;
			sourceTree = "<group>";
		};
		30834F78190C943C00889C7D /* Frameworks */ = {
			isa = PBXGroup;
			children = (
				30834F79190C943C00889C7D /* Foundation.framework */,
				30834F87190C943C00889C7D /* XCTest.framework */,
			);
			name = Frameworks;
			sourceTree = "<group>";
		};
		30834F7B190C943C00889C7D /* SPConcurrency */ = {
			isa = PBXGroup;
			children = (
				30834F9F190C94CB00889C7D /* SPConcurrency.h */,
				30834FA0190C94D800889C7D /* SPUtils.h */,
				30834FA1190C94D800889C7D /* SPUtils.m */,
				30834FA6190C94E500889C7D /* SPCPrimitives.h */,
				30834FA5190C94E500889C7D /* SPCMemoryReclamation.h */,
				30201A6A190C9EFE00740762 /* Data Structures */,
				30201A6B190C9F0800740762 /* Messaging */,
				30834F7C190C943C00889C7D /* Supporting Files */,
				30B31736190CC92400E4DAF0 /* LLDB Scripts */,
			);
			path = SPConcurrency;
			sourceTree = "<group>";
		};
		30834F7C190C943C00889C7D /* Supporting Files */ = {
			isa = PBXGroup;
			children = (
				30834F7D190C943C00889C7D /* SPConcurrency-Prefix.pch */,
				30201A7D190CA38200740762 /* AppledocSettings.plist */,
			);
			name = "Supporting Files";
			sourceTree = "<group>";
		};
		30834F8F190C943C00889C7D /* SPConcurrencyTests */ = {
			isa = PBXGroup;
			children = (
				30834FBA190C95E200889C7D /* SPMemoryReclamationTests.m */,
				30834FB8190C95D800889C7D /* SPLockFreeListTests.m */,
				30834FBC190C95F900889C7D /* SPPriorityQueueTests.m */,
				30834F90190C943C00889C7D /* Supporting Files */,
			);
			path = SPConcurrencyTests;
			sourceTree = "<group>";
		};
		30834F90190C943C00889C7D /* Supporting Files */ = {
			isa = PBXGroup;
			children = (
				30834F91190C943C00889C7D /* SPConcurrencyTests-Info.plist */,
				30834F92190C943C00889C7D /* InfoPlist.strings */,
			);
			name = "Supporting Files";
			sourceTree = "<group>";
		};
		30B31736190CC92400E4DAF0 /* LLDB Scripts */ = {
			isa = PBXGroup;
			children = (
				30B31737190CCAC900E4DAF0 /* .lldbinit */,
				30B31735190CC92400E4DAF0 /* markable_ptr.py */,
			);
			name = "LLDB Scripts";
			path = ../../../SpinTimer/SpinTimer;
			sourceTree = "<group>";
		};
/* End PBXGroup section */

/* Begin PBXHeadersBuildPhase section */
		30834FAE190C952300889C7D /* Headers */ = {
			isa = PBXHeadersBuildPhase;
			buildActionMask = 2147483647;
			files = (
				30834FB0190C953900889C7D /* SPConcurrency.h in Headers */,
				30834FB4190C959600889C7D /* SPCLockFreeList.h in Headers */,
				30201A76190C9F2500740762 /* SPCRealTimeScheduler.h in Headers */,
				30201A74190C9F2500740762 /* SPCRealTimeMessageQueue.h in Headers */,
				30834FB1190C954700889C7D /* SPUtils.h in Headers */,
				30834FB3190C959000889C7D /* SPCMemoryReclamation.h in Headers */,
				30834FB2190C958A00889C7D /* SPCPrimitives.h in Headers */,
				30834FB5190C959B00889C7D /* SPCPriorityQueue.h in Headers */,
				30834FB6190C95A600889C7D /* SPCRingBuffer.h in Headers */,
				30201A72190C9F2500740762 /* SPCMessageQueue.h in Headers */,
			);
			runOnlyForDeploymentPostprocessing = 0;
		};
/* End PBXHeadersBuildPhase section */

/* Begin PBXNativeTarget section */
		30834F75190C943C00889C7D /* SPConcurrency */ = {
			isa = PBXNativeTarget;
			buildConfigurationList = 30834F99190C943C00889C7D /* Build configuration list for PBXNativeTarget "SPConcurrency" */;
			buildPhases = (
				30834F72190C943C00889C7D /* Sources */,
				30834F73190C943C00889C7D /* Frameworks */,
				30834F74190C943C00889C7D /* CopyFiles */,
				30834FAE190C952300889C7D /* Headers */,
				30834FBE190C978700889C7D /* Prepare Framework */,
			);
			buildRules = (
			);
			dependencies = (
			);
			name = SPConcurrency;
			productName = SPConcurrency;
			productReference = 30834F76190C943C00889C7D /* libSPConcurrency.a */;
			productType = "com.apple.product-type.library.static";
		};
		30834F85190C943C00889C7D /* SPConcurrencyTests */ = {
			isa = PBXNativeTarget;
			buildConfigurationList = 30834F9C190C943C00889C7D /* Build configuration list for PBXNativeTarget "SPConcurrencyTests" */;
			buildPhases = (
				30834F82190C943C00889C7D /* Sources */,
				30834F83190C943C00889C7D /* Frameworks */,
				30834F84190C943C00889C7D /* Resources */,
			);
			buildRules = (
			);
			dependencies = (
				30834F8D190C943C00889C7D /* PBXTargetDependency */,
			);
			name = SPConcurrencyTests;
			productName = SPConcurrencyTests;
			productReference = 30834F86190C943C00889C7D /* SPConcurrencyTests.xctest */;
			productType = "com.apple.product-type.bundle.unit-test";
		};
/* End PBXNativeTarget section */

/* Begin PBXProject section */
		30834F6E190C943C00889C7D /* Project object */ = {
			isa = PBXProject;
			attributes = {
<<<<<<< HEAD
				LastUpgradeCheck = 0510;
				ORGANIZATIONNAME = "Peter Zhivkov.";
=======
				LastSwiftMigration = 0700;
				LastUpgradeCheck = 0700;
				ORGANIZATIONNAME = "Peter Zhivkov.";
>>>>>>> b587eb6... Update to latest Xcode version.
			};
			buildConfigurationList = 30834F71190C943C00889C7D /* Build configuration list for PBXProject "SPConcurrency" */;
			compatibilityVersion = "Xcode 3.2";
			developmentRegion = English;
			hasScannedForEncodings = 0;
			knownRegions = (
				en,
			);
			mainGroup = 30834F6D190C943C00889C7D;
			productRefGroup = 30834F77190C943C00889C7D /* Products */;
			projectDirPath = "";
			projectRoot = "";
			targets = (
				30834F75190C943C00889C7D /* SPConcurrency */,
				30834F85190C943C00889C7D /* SPConcurrencyTests */,
				30062F89190C9A0D0063E665 /* SPConcurrency.framework */,
				30201A78190CA20100740762 /* SPConcurrency.docs */,
			);
		};
/* End PBXProject section */

/* Begin PBXResourcesBuildPhase section */
		30834F84190C943C00889C7D /* Resources */ = {
			isa = PBXResourcesBuildPhase;
			buildActionMask = 2147483647;
			files = (
				30834F94190C943C00889C7D /* InfoPlist.strings in Resources */,
			);
			runOnlyForDeploymentPostprocessing = 0;
		};
/* End PBXResourcesBuildPhase section */

/* Begin PBXShellScriptBuildPhase section */
		30062F8F190C9A730063E665 /* ShellScript */ = {
			isa = PBXShellScriptBuildPhase;
			buildActionMask = 2147483647;
			files = (
			);
			inputPaths = (
			);
			outputPaths = (
			);
			runOnlyForDeploymentPostprocessing = 0;
			shellPath = /bin/sh;
			shellScript = "set -e\nset +u\n# Avoid recursively calling this script.\nif [[ $SF_MASTER_SCRIPT_RUNNING ]]\nthen\nexit 0\nfi\nset -u\nexport SF_MASTER_SCRIPT_RUNNING=1\n\nSF_TARGET_NAME=${PROJECT_NAME}\nSF_EXECUTABLE_PATH=\"lib${SF_TARGET_NAME}.a\"\nSF_WRAPPER_NAME=\"${SF_TARGET_NAME}.framework\"\n\n# The following conditionals come from\n# https://github.com/kstenerud/iOS-Universal-Framework\n\nif [[ \"$SDK_NAME\" =~ ([A-Za-z]+) ]]\nthen\nSF_SDK_PLATFORM=${BASH_REMATCH[1]}\nelse\necho \"Could not find platform name from SDK_NAME: $SDK_NAME\"\nexit 1\nfi\n\nif [[ \"$SDK_NAME\" =~ ([0-9]+.*$) ]]\nthen\nSF_SDK_VERSION=${BASH_REMATCH[1]}\nelse\necho \"Could not find sdk version from SDK_NAME: $SDK_NAME\"\nexit 1\nfi\n\nif [[ \"$SF_SDK_PLATFORM\" = \"iphoneos\" ]]\nthen\nSF_OTHER_PLATFORM=iphonesimulator\nelse\nSF_OTHER_PLATFORM=iphoneos\nfi\n\nif [[ \"$BUILT_PRODUCTS_DIR\" =~ (.*)$SF_SDK_PLATFORM$ ]]\nthen\nSF_OTHER_BUILT_PRODUCTS_DIR=\"${BASH_REMATCH[1]}${SF_OTHER_PLATFORM}\"\nelse\necho \"Could not find platform name from build products directory: $BUILT_PRODUCTS_DIR\"\nexit 1\nfi\n\n# Build the other platform.\nxcrun xcodebuild -project \"${PROJECT_FILE_PATH}\" -target \"${TARGET_NAME}\" -configuration \"${CONFIGURATION}\" -sdk ${SF_OTHER_PLATFORM}${SF_SDK_VERSION} BUILD_DIR=\"${BUILD_DIR}\" OBJROOT=\"${OBJROOT}\" BUILD_ROOT=\"${BUILD_ROOT}\" SYMROOT=\"${SYMROOT}\" $ACTION\n\n# Smash the two static libraries into one fat binary and store it in the .framework\nxcrun lipo -create \"${BUILT_PRODUCTS_DIR}/${SF_EXECUTABLE_PATH}\" \"${SF_OTHER_BUILT_PRODUCTS_DIR}/${SF_EXECUTABLE_PATH}\" -output \"${BUILT_PRODUCTS_DIR}/${SF_WRAPPER_NAME}/Versions/A/${SF_TARGET_NAME}\"\n\n# Copy the binary to the other architecture folder to have a complete framework in both.\ncp -a \"${BUILT_PRODUCTS_DIR}/${SF_WRAPPER_NAME}/Versions/A/${SF_TARGET_NAME}\" \"${SF_OTHER_BUILT_PRODUCTS_DIR}/${SF_WRAPPER_NAME}/Versions/A/${SF_TARGET_NAME}\"";
		};
		30201A7C190CA23500740762 /* ShellScript */ = {
			isa = PBXShellScriptBuildPhase;
			buildActionMask = 2147483647;
			files = (
			);
			inputPaths = (
			);
			outputPaths = (
			);
			runOnlyForDeploymentPostprocessing = 0;
			shellPath = /bin/sh;
			shellScript = "# Build an Xcode documentation\n([ -x /usr/local/bin/appledoc ] && /usr/local/bin/appledoc \"$SOURCE_ROOT/$PROJECT_NAME\") || true";
		};
		30834FBE190C978700889C7D /* Prepare Framework */ = {
			isa = PBXShellScriptBuildPhase;
			buildActionMask = 2147483647;
			files = (
			);
			inputPaths = (
			);
			name = "Prepare Framework";
			outputPaths = (
			);
			runOnlyForDeploymentPostprocessing = 0;
			shellPath = /bin/sh;
			shellScript = "set -e\n\nmkdir -p \"${BUILT_PRODUCTS_DIR}/${PRODUCT_NAME}.framework/Versions/A/Headers\"\n\n# Link the \"Current\" version to \"A\"\n/bin/ln -sfh A \"${BUILT_PRODUCTS_DIR}/${PRODUCT_NAME}.framework/Versions/Current\"\n/bin/ln -sfh Versions/Current/Headers \"${BUILT_PRODUCTS_DIR}/${PRODUCT_NAME}.framework/Headers\"\n/bin/ln -sfh \"Versions/Current/${PRODUCT_NAME}\" \"${BUILT_PRODUCTS_DIR}/${PRODUCT_NAME}.framework/${PRODUCT_NAME}\"\n\n# The -a ensures that the headers maintain the source modification date so that we don't constantly\n# cause propagating rebuilds of files that import these headers.\n/bin/cp -a \"${TARGET_BUILD_DIR}/${PUBLIC_HEADERS_FOLDER_PATH}/\" \"${BUILT_PRODUCTS_DIR}/${PRODUCT_NAME}.framework/Versions/A/Headers\"\n\n";
		};
/* End PBXShellScriptBuildPhase section */

/* Begin PBXSourcesBuildPhase section */
		30834F72190C943C00889C7D /* Sources */ = {
			isa = PBXSourcesBuildPhase;
			buildActionMask = 2147483647;
			files = (
				30201A73190C9F2500740762 /* SPCMessageQueue.m in Sources */,
				30834FAD190C94E500889C7D /* SPCRingBuffer.c in Sources */,
				30201A77190C9F2500740762 /* SPCRealTimeScheduler.m in Sources */,
				30834FA2190C94D800889C7D /* SPUtils.m in Sources */,
				30201A75190C9F2500740762 /* SPCRealTimeMessageQueue.m in Sources */,
				30834FAB190C94E500889C7D /* SPCLockFreeList.c in Sources */,
				30834FAC190C94E500889C7D /* SPCPriorityQueue.c in Sources */,
			);
			runOnlyForDeploymentPostprocessing = 0;
		};
		30834F82190C943C00889C7D /* Sources */ = {
			isa = PBXSourcesBuildPhase;
			buildActionMask = 2147483647;
			files = (
				30834FB9190C95D800889C7D /* SPLockFreeListTests.m in Sources */,
				30834FBD190C95F900889C7D /* SPPriorityQueueTests.m in Sources */,
				30834FBB190C95E200889C7D /* SPMemoryReclamationTests.m in Sources */,
			);
			runOnlyForDeploymentPostprocessing = 0;
		};
/* End PBXSourcesBuildPhase section */

/* Begin PBXTargetDependency section */
		30062F8E190C9A690063E665 /* PBXTargetDependency */ = {
			isa = PBXTargetDependency;
			target = 30834F75190C943C00889C7D /* SPConcurrency */;
			targetProxy = 30062F8D190C9A690063E665 /* PBXContainerItemProxy */;
		};
		30834F8D190C943C00889C7D /* PBXTargetDependency */ = {
			isa = PBXTargetDependency;
			target = 30834F75190C943C00889C7D /* SPConcurrency */;
			targetProxy = 30834F8C190C943C00889C7D /* PBXContainerItemProxy */;
		};
/* End PBXTargetDependency section */

/* Begin PBXVariantGroup section */
		30834F92190C943C00889C7D /* InfoPlist.strings */ = {
			isa = PBXVariantGroup;
			children = (
				30834F93190C943C00889C7D /* en */,
			);
			name = InfoPlist.strings;
			sourceTree = "<group>";
		};
/* End PBXVariantGroup section */

/* Begin XCBuildConfiguration section */
		30062F8B190C9A0D0063E665 /* Debug */ = {
			isa = XCBuildConfiguration;
			buildSettings = {
				PRODUCT_NAME = "$(TARGET_NAME)";
				TARGETED_DEVICE_FAMILY = "1,2";
			};
			name = Debug;
		};
		30062F8C190C9A0D0063E665 /* Release */ = {
			isa = XCBuildConfiguration;
			buildSettings = {
				PRODUCT_NAME = "$(TARGET_NAME)";
				TARGETED_DEVICE_FAMILY = "1,2";
			};
			name = Release;
		};
		30201A7A190CA20100740762 /* Debug */ = {
			isa = XCBuildConfiguration;
			buildSettings = {
				PRODUCT_NAME = "$(TARGET_NAME)";
				TARGETED_DEVICE_FAMILY = "1,2";
			};
			name = Debug;
		};
		30201A7B190CA20100740762 /* Release */ = {
			isa = XCBuildConfiguration;
			buildSettings = {
				PRODUCT_NAME = "$(TARGET_NAME)";
				TARGETED_DEVICE_FAMILY = "1,2";
			};
			name = Release;
		};
		30834F97190C943C00889C7D /* Debug */ = {
			isa = XCBuildConfiguration;
			buildSettings = {
				ALWAYS_SEARCH_USER_PATHS = NO;
				CLANG_CXX_LANGUAGE_STANDARD = "gnu++0x";
				CLANG_CXX_LIBRARY = "libc++";
				CLANG_ENABLE_MODULES = YES;
				CLANG_ENABLE_OBJC_ARC = YES;
				CLANG_WARN_BOOL_CONVERSION = YES;
				CLANG_WARN_CONSTANT_CONVERSION = YES;
				CLANG_WARN_DIRECT_OBJC_ISA_USAGE = YES_ERROR;
				CLANG_WARN_EMPTY_BODY = YES;
				CLANG_WARN_ENUM_CONVERSION = YES;
				CLANG_WARN_INT_CONVERSION = YES;
				CLANG_WARN_OBJC_ROOT_CLASS = YES_ERROR;
				CLANG_WARN__DUPLICATE_METHOD_MATCH = YES;
				COPY_PHASE_STRIP = NO;
				DEAD_CODE_STRIPPING = NO;
				ENABLE_TESTABILITY = YES;
				GCC_C_LANGUAGE_STANDARD = gnu99;
				GCC_DYNAMIC_NO_PIC = NO;
				GCC_OPTIMIZATION_LEVEL = 0;
				GCC_PREPROCESSOR_DEFINITIONS = (
					"DEBUG=1",
					"$(inherited)",
				);
				GCC_SYMBOLS_PRIVATE_EXTERN = NO;
				GCC_WARN_64_TO_32_BIT_CONVERSION = YES;
				GCC_WARN_ABOUT_RETURN_TYPE = YES_ERROR;
				GCC_WARN_UNDECLARED_SELECTOR = YES;
				GCC_WARN_UNINITIALIZED_AUTOS = YES_AGGRESSIVE;
				GCC_WARN_UNUSED_FUNCTION = YES;
				GCC_WARN_UNUSED_VARIABLE = YES;
				IPHONEOS_DEPLOYMENT_TARGET = 7.0;
				ONLY_ACTIVE_ARCH = YES;
				PUBLIC_HEADERS_FOLDER_PATH = "$(PROJECT_NAME)Headers";
				SDKROOT = iphoneos;
				STRIP_STYLE = "non-global";
				TARGETED_DEVICE_FAMILY = "1,2";
			};
			name = Debug;
		};
		30834F98190C943C00889C7D /* Release */ = {
			isa = XCBuildConfiguration;
			buildSettings = {
				ALWAYS_SEARCH_USER_PATHS = NO;
				CLANG_CXX_LANGUAGE_STANDARD = "gnu++0x";
				CLANG_CXX_LIBRARY = "libc++";
				CLANG_ENABLE_MODULES = YES;
				CLANG_ENABLE_OBJC_ARC = YES;
				CLANG_WARN_BOOL_CONVERSION = YES;
				CLANG_WARN_CONSTANT_CONVERSION = YES;
				CLANG_WARN_DIRECT_OBJC_ISA_USAGE = YES_ERROR;
				CLANG_WARN_EMPTY_BODY = YES;
				CLANG_WARN_ENUM_CONVERSION = YES;
				CLANG_WARN_INT_CONVERSION = YES;
				CLANG_WARN_OBJC_ROOT_CLASS = YES_ERROR;
				CLANG_WARN__DUPLICATE_METHOD_MATCH = YES;
				COPY_PHASE_STRIP = NO;
				DEAD_CODE_STRIPPING = NO;
				ENABLE_NS_ASSERTIONS = NO;
				GCC_C_LANGUAGE_STANDARD = gnu99;
				GCC_WARN_64_TO_32_BIT_CONVERSION = YES;
				GCC_WARN_ABOUT_RETURN_TYPE = YES_ERROR;
				GCC_WARN_UNDECLARED_SELECTOR = YES;
				GCC_WARN_UNINITIALIZED_AUTOS = YES_AGGRESSIVE;
				GCC_WARN_UNUSED_FUNCTION = YES;
				GCC_WARN_UNUSED_VARIABLE = YES;
				IPHONEOS_DEPLOYMENT_TARGET = 7.0;
				PUBLIC_HEADERS_FOLDER_PATH = "$(PROJECT_NAME)Headers";
				SDKROOT = iphoneos;
				STRIP_STYLE = "non-global";
				TARGETED_DEVICE_FAMILY = "1,2";
				VALIDATE_PRODUCT = YES;
			};
			name = Release;
		};
		30834F9A190C943C00889C7D /* Debug */ = {
			isa = XCBuildConfiguration;
			buildSettings = {
				DEAD_CODE_STRIPPING = NO;
				DSTROOT = /tmp/SPConcurrency.dst;
				GCC_PRECOMPILE_PREFIX_HEADER = YES;
				GCC_PREFIX_HEADER = "SPConcurrency/SPConcurrency-Prefix.pch";
				OTHER_LDFLAGS = "-ObjC";
				PRODUCT_NAME = "$(TARGET_NAME)";
				PUBLIC_HEADERS_FOLDER_PATH = "$(PROJECT_NAME)Headers";
				SKIP_INSTALL = YES;
				STRIP_STYLE = "non-global";
				TARGETED_DEVICE_FAMILY = "1,2";
			};
			name = Debug;
		};
		30834F9B190C943C00889C7D /* Release */ = {
			isa = XCBuildConfiguration;
			buildSettings = {
				COPY_PHASE_STRIP = NO;
				DEAD_CODE_STRIPPING = NO;
				DSTROOT = /tmp/SPConcurrency.dst;
				GCC_PRECOMPILE_PREFIX_HEADER = YES;
				GCC_PREFIX_HEADER = "SPConcurrency/SPConcurrency-Prefix.pch";
				OTHER_LDFLAGS = "-ObjC";
				PRODUCT_NAME = "$(TARGET_NAME)";
				PUBLIC_HEADERS_FOLDER_PATH = "$(PROJECT_NAME)Headers";
				SKIP_INSTALL = YES;
				STRIP_STYLE = "non-global";
				TARGETED_DEVICE_FAMILY = "1,2";
			};
			name = Release;
		};
		30834F9D190C943C00889C7D /* Debug */ = {
			isa = XCBuildConfiguration;
			buildSettings = {
				FRAMEWORK_SEARCH_PATHS = (
					"$(SDKROOT)/Developer/Library/Frameworks",
					"$(inherited)",
					"$(DEVELOPER_FRAMEWORKS_DIR)",
				);
				GCC_PRECOMPILE_PREFIX_HEADER = YES;
				GCC_PREFIX_HEADER = "SPConcurrency/SPConcurrency-Prefix.pch";
				GCC_PREPROCESSOR_DEFINITIONS = (
					"DEBUG=1",
					"$(inherited)",
				);
				INFOPLIST_FILE = "SPConcurrencyTests/SPConcurrencyTests-Info.plist";
				PRODUCT_BUNDLE_IDENTIFIER = "com.pzhivkov.${PRODUCT_NAME:rfc1034identifier}";
				PRODUCT_NAME = "$(TARGET_NAME)";
				TARGETED_DEVICE_FAMILY = "1,2";
				WRAPPER_EXTENSION = xctest;
			};
			name = Debug;
		};
		30834F9E190C943C00889C7D /* Release */ = {
			isa = XCBuildConfiguration;
			buildSettings = {
				FRAMEWORK_SEARCH_PATHS = (
					"$(SDKROOT)/Developer/Library/Frameworks",
					"$(inherited)",
					"$(DEVELOPER_FRAMEWORKS_DIR)",
				);
				GCC_PRECOMPILE_PREFIX_HEADER = YES;
				GCC_PREFIX_HEADER = "SPConcurrency/SPConcurrency-Prefix.pch";
				INFOPLIST_FILE = "SPConcurrencyTests/SPConcurrencyTests-Info.plist";
				PRODUCT_BUNDLE_IDENTIFIER = "com.pzhivkov.${PRODUCT_NAME:rfc1034identifier}";
				PRODUCT_NAME = "$(TARGET_NAME)";
				TARGETED_DEVICE_FAMILY = "1,2";
				WRAPPER_EXTENSION = xctest;
			};
			name = Release;
		};
/* End XCBuildConfiguration section */

/* Begin XCConfigurationList section */
		30062F8A190C9A0D0063E665 /* Build configuration list for PBXAggregateTarget "SPConcurrency.framework" */ = {
			isa = XCConfigurationList;
			buildConfigurations = (
				30062F8B190C9A0D0063E665 /* Debug */,
				30062F8C190C9A0D0063E665 /* Release */,
			);
			defaultConfigurationIsVisible = 0;
			defaultConfigurationName = Release;
		};
		30201A79190CA20100740762 /* Build configuration list for PBXAggregateTarget "SPConcurrency.docs" */ = {
			isa = XCConfigurationList;
			buildConfigurations = (
				30201A7A190CA20100740762 /* Debug */,
				30201A7B190CA20100740762 /* Release */,
			);
			defaultConfigurationIsVisible = 0;
			defaultConfigurationName = Release;
		};
		30834F71190C943C00889C7D /* Build configuration list for PBXProject "SPConcurrency" */ = {
			isa = XCConfigurationList;
			buildConfigurations = (
				30834F97190C943C00889C7D /* Debug */,
				30834F98190C943C00889C7D /* Release */,
			);
			defaultConfigurationIsVisible = 0;
			defaultConfigurationName = Release;
		};
		30834F99190C943C00889C7D /* Build configuration list for PBXNativeTarget "SPConcurrency" */ = {
			isa = XCConfigurationList;
			buildConfigurations = (
				30834F9A190C943C00889C7D /* Debug */,
				30834F9B190C943C00889C7D /* Release */,
			);
			defaultConfigurationIsVisible = 0;
			defaultConfigurationName = Release;
		};
		30834F9C190C943C00889C7D /* Build configuration list for PBXNativeTarget "SPConcurrencyTests" */ = {
			isa = XCConfigurationList;
			buildConfigurations = (
				30834F9D190C943C00889C7D /* Debug */,
				30834F9E190C943C00889C7D /* Release */,
			);
			defaultConfigurationIsVisible = 0;
			defaultConfigurationName = Release;
		};
/* End XCConfigurationList section */
	};
	rootObject = 30834F6E190C943C00889C7D /* Project object */;
}
